
Microsoft Visual Studio Solution File, Format Version 12.00
# Visual Studio 14
VisualStudioVersion = 14.0.24720.0
MinimumVisualStudioVersion = 10.0.40219.1
Project("{FAE04EC0-301F-11D3-BF4B-00C04F79EFBC}") = "WebApplication1", "WebApplication1\WebApplication1.csproj", "{7365E777-8AFB-4A09-B4C0-FA16F333CD40}"
EndProject
Project("{FAE04EC0-301F-11D3-BF4B-00C04F79EFBC}") = "WebApplication1Tests", "WebApplication1Tests\WebApplication1Tests.csproj", "{45E0BA6E-ADF9-4462-98B8-EF5AEC37D710}"
EndProject
Global
	GlobalSection(SolutionConfigurationPlatforms) = preSolution
		Debug|Any CPU = Debug|Any CPU
		Release|Any CPU = Release|Any CPU
	EndGlobalSection
	GlobalSection(ProjectConfigurationPlatforms) = postSolution
		{7365E777-8AFB-4A09-B4C0-FA16F333CD40}.Debug|Any CPU.ActiveCfg = Debug|Any CPU
		{7365E777-8AFB-4A09-B4C0-FA16F333CD40}.Debug|Any CPU.Build.0 = Debug|Any CPU
		{7365E777-8AFB-4A09-B4C0-FA16F333CD40}.Release|Any CPU.ActiveCfg = Release|Any CPU
		{7365E777-8AFB-4A09-B4C0-FA16F333CD40}.Release|Any CPU.Build.0 = Release|Any CPU
		{45E0BA6E-ADF9-4462-98B8-EF5AEC37D710}.Debug|Any CPU.ActiveCfg = Debug|Any CPU
		{45E0BA6E-ADF9-4462-98B8-EF5AEC37D710}.Debug|Any CPU.Build.0 = Debug|Any CPU
		{45E0BA6E-ADF9-4462-98B8-EF5AEC37D710}.Release|Any CPU.ActiveCfg = Release|Any CPU
		{45E0BA6E-ADF9-4462-98B8-EF5AEC37D710}.Release|Any CPU.Build.0 = Release|Any CPU
	EndGlobalSection
	GlobalSection(SolutionProperties) = preSolution
		HideSolutionNode = FALSE
	EndGlobalSection
EndGlobal
